
Microsoft Visual Studio Solution File, Format Version 12.00
# Visual Studio Version 17
VisualStudioVersion = 17.14.36408.4
MinimumVisualStudioVersion = 10.0.40219.1
Project("{2150E333-8FDC-42A3-9474-1A3956D46DE8}") = "Services", "Services", "{02EA681E-C7D8-13C7-8484-4AC65E1B71E8}"
EndProject
Project("{FAE04EC0-301F-11D3-BF4B-00C04F79EFBC}") = "Catalog", "Services\Catalog\Catalog.csproj", "{D7B540F0-C2C6-434F-8B14-5BA33CAF37D4}"
EndProject
Project("{2150E333-8FDC-42A3-9474-1A3956D46DE8}") = "Basket", "Basket", "{6965C164-1515-4C9F-8E6A-677A98A35F2E}"
EndProject
Project("{FAE04EC0-301F-11D3-BF4B-00C04F79EFBC}") = "Basket", "Basket\Basket\Basket.csproj", "{AEB000FB-3991-48FE-912C-50AE0E268660}"
EndProject
Project("{2150E333-8FDC-42A3-9474-1A3956D46DE8}") = "Discount", "Discount", "{9DECFD47-8BF9-4181-95C4-CC900CB1EB8D}"
EndProject
Project("{FAE04EC0-301F-11D3-BF4B-00C04F79EFBC}") = "Discount", "Services\Discount\Discount\Discount.csproj", "{22CD0576-2439-418B-89CF-B82D43390845}"
EndProject
Project("{2150E333-8FDC-42A3-9474-1A3956D46DE8}") = "Catalogs", "Catalogs", "{2431AEAF-1D12-4AC9-A5F5-D2DB2CB37A86}"
EndProject
Project("{2150E333-8FDC-42A3-9474-1A3956D46DE8}") = "Ordering", "Ordering", "{A11D2747-D80F-4FA5-9A7D-B74F2242391A}"
EndProject
Project("{FAE04EC0-301F-11D3-BF4B-00C04F79EFBC}") = "Ordering", "Services\Ordering\Ordering\Ordering.csproj", "{87C1F54D-BFC8-4B0D-801F-0CAF196EC33B}"
EndProject
Global
	GlobalSection(SolutionConfigurationPlatforms) = preSolution
		Debug|Any CPU = Debug|Any CPU
		Release|Any CPU = Release|Any CPU
	EndGlobalSection
	GlobalSection(ProjectConfigurationPlatforms) = postSolution
		{D7B540F0-C2C6-434F-8B14-5BA33CAF37D4}.Debug|Any CPU.ActiveCfg = Debug|Any CPU
		{D7B540F0-C2C6-434F-8B14-5BA33CAF37D4}.Debug|Any CPU.Build.0 = Debug|Any CPU
		{D7B540F0-C2C6-434F-8B14-5BA33CAF37D4}.Release|Any CPU.ActiveCfg = Release|Any CPU
		{D7B540F0-C2C6-434F-8B14-5BA33CAF37D4}.Release|Any CPU.Build.0 = Release|Any CPU
		{AEB000FB-3991-48FE-912C-50AE0E268660}.Debug|Any CPU.ActiveCfg = Debug|Any CPU
		{AEB000FB-3991-48FE-912C-50AE0E268660}.Debug|Any CPU.Build.0 = Debug|Any CPU
		{AEB000FB-3991-48FE-912C-50AE0E268660}.Release|Any CPU.ActiveCfg = Release|Any CPU
		{AEB000FB-3991-48FE-912C-50AE0E268660}.Release|Any CPU.Build.0 = Release|Any CPU
		{22CD0576-2439-418B-89CF-B82D43390845}.Debug|Any CPU.ActiveCfg = Debug|Any CPU
		{22CD0576-2439-418B-89CF-B82D43390845}.Debug|Any CPU.Build.0 = Debug|Any CPU
		{22CD0576-2439-418B-89CF-B82D43390845}.Release|Any CPU.ActiveCfg = Release|Any CPU
		{22CD0576-2439-418B-89CF-B82D43390845}.Release|Any CPU.Build.0 = Release|Any CPU
		{87C1F54D-BFC8-4B0D-801F-0CAF196EC33B}.Debug|Any CPU.ActiveCfg = Debug|Any CPU
		{87C1F54D-BFC8-4B0D-801F-0CAF196EC33B}.Debug|Any CPU.Build.0 = Debug|Any CPU
		{87C1F54D-BFC8-4B0D-801F-0CAF196EC33B}.Release|Any CPU.ActiveCfg = Release|Any CPU
		{87C1F54D-BFC8-4B0D-801F-0CAF196EC33B}.Release|Any CPU.Build.0 = Release|Any CPU
	EndGlobalSection
	GlobalSection(SolutionProperties) = preSolution
		HideSolutionNode = FALSE
	EndGlobalSection
	GlobalSection(NestedProjects) = preSolution
		{D7B540F0-C2C6-434F-8B14-5BA33CAF37D4} = {2431AEAF-1D12-4AC9-A5F5-D2DB2CB37A86}
		{6965C164-1515-4C9F-8E6A-677A98A35F2E} = {02EA681E-C7D8-13C7-8484-4AC65E1B71E8}
		{AEB000FB-3991-48FE-912C-50AE0E268660} = {6965C164-1515-4C9F-8E6A-677A98A35F2E}
		{9DECFD47-8BF9-4181-95C4-CC900CB1EB8D} = {02EA681E-C7D8-13C7-8484-4AC65E1B71E8}
		{22CD0576-2439-418B-89CF-B82D43390845} = {9DECFD47-8BF9-4181-95C4-CC900CB1EB8D}
		{2431AEAF-1D12-4AC9-A5F5-D2DB2CB37A86} = {02EA681E-C7D8-13C7-8484-4AC65E1B71E8}
		{A11D2747-D80F-4FA5-9A7D-B74F2242391A} = {02EA681E-C7D8-13C7-8484-4AC65E1B71E8}
		{87C1F54D-BFC8-4B0D-801F-0CAF196EC33B} = {A11D2747-D80F-4FA5-9A7D-B74F2242391A}
	EndGlobalSection
	GlobalSection(ExtensibilityGlobals) = postSolution
		SolutionGuid = {FC12C008-B6DC-485E-A2CA-169A8CB4DA49}
	EndGlobalSection
EndGlobal
