
Microsoft Visual Studio Solution File, Format Version 12.00
# Visual Studio Version 17
VisualStudioVersion = 17.14.36408.4
MinimumVisualStudioVersion = 10.0.40219.1
Project("{2150E333-8FDC-42A3-9474-1A3956D46DE8}") = "Services", "Services", "{02EA681E-C7D8-13C7-8484-4AC65E1B71E8}"
EndProject
Project("{FAE04EC0-301F-11D3-BF4B-00C04F79EFBC}") = "Catalog", "Services\Catalog\Catalog.csproj", "{D7B540F0-C2C6-434F-8B14-5BA33CAF37D4}"
EndProject
Project("{2150E333-8FDC-42A3-9474-1A3956D46DE8}") = "Basket", "Basket", "{6965C164-1515-4C9F-8E6A-677A98A35F2E}"
EndProject
Project("{FAE04EC0-301F-11D3-BF4B-00C04F79EFBC}") = "Basket", "Basket\Basket\Basket.csproj", "{AEB000FB-3991-48FE-912C-50AE0E268660}"
EndProject
Project("{2150E333-8FDC-42A3-9474-1A3956D46DE8}") = "Discount", "Discount", "{9DECFD47-8BF9-4181-95C4-CC900CB1EB8D}"
EndProject
Project("{FAE04EC0-301F-11D3-BF4B-00C04F79EFBC}") = "Discount", "Services\Discount\Discount\Discount.csproj", "{22CD0576-2439-418B-89CF-B82D43390845}"
EndProject
Project("{2150E333-8FDC-42A3-9474-1A3956D46DE8}") = "Catalogs", "Catalogs", "{2431AEAF-1D12-4AC9-A5F5-D2DB2CB37A86}"
EndProject
Project("{2150E333-8FDC-42A3-9474-1A3956D46DE8}") = "Ordering", "Ordering", "{A11D2747-D80F-4FA5-9A7D-B74F2242391A}"
EndProject
Project("{FAE04EC0-301F-11D3-BF4B-00C04F79EFBC}") = "Ordering", "Services\Ordering\Ordering\Ordering.csproj", "{87C1F54D-BFC8-4B0D-801F-0CAF196EC33B}"
EndProject
Project("{2150E333-8FDC-42A3-9474-1A3956D46DE8}") = "Infrastructure", "Infrastructure", "{CEE23155-5DD6-4463-962F-25FB35BF165E}"
EndProject
Project("{FAE04EC0-301F-11D3-BF4B-00C04F79EFBC}") = "EventBus.Messages", "Infrastructure\EventBus.Messages\EventBus.Messages.csproj", "{2C465BA9-AF24-48D8-B8A1-9C5236BD5058}"
EndProject
Project("{2150E333-8FDC-42A3-9474-1A3956D46DE8}") = "Payment", "Payment", "{6E402EB0-9799-45EA-92CC-66118836462F}"
EndProject
Project("{FAE04EC0-301F-11D3-BF4B-00C04F79EFBC}") = "Payment", "Services\Payment\Payment.csproj", "{134AFDB0-AD7C-48EF-ADC6-16269168BBCC}"
EndProject
Project("{2150E333-8FDC-42A3-9474-1A3956D46DE8}") = "Identity", "Identity", "{25E54CFE-C7A7-4842-BB07-7F8067A69D0D}"
EndProject
Project("{FAE04EC0-301F-11D3-BF4B-00C04F79EFBC}") = "Identity", "Services\Identity\Identity.csproj", "{F8C4D406-78C3-4DF9-928A-C77934A061DB}"
EndProject
Project("{FAE04EC0-301F-11D3-BF4B-00C04F79EFBC}") = "Common.Logging", "Infrastructure\Common.Logging\Common.Logging.csproj", "{73F30E2A-8180-4208-B8EA-B932C9958E94}"
EndProject
Project("{FAE04EC0-301F-11D3-BF4B-00C04F79EFBC}") = "ApiGateway", "ApiGateway\ApiGateway\ApiGateway.csproj", "{C3FF9C7B-DC19-52B5-B861-716F1AFD9714}"
EndProject
Global
	GlobalSection(SolutionConfigurationPlatforms) = preSolution
		Debug|Any CPU = Debug|Any CPU
		Release|Any CPU = Release|Any CPU
	EndGlobalSection
	GlobalSection(ProjectConfigurationPlatforms) = postSolution
		{D7B540F0-C2C6-434F-8B14-5BA33CAF37D4}.Debug|Any CPU.ActiveCfg = Debug|Any CPU
		{D7B540F0-C2C6-434F-8B14-5BA33CAF37D4}.Debug|Any CPU.Build.0 = Debug|Any CPU
		{D7B540F0-C2C6-434F-8B14-5BA33CAF37D4}.Release|Any CPU.ActiveCfg = Release|Any CPU
		{D7B540F0-C2C6-434F-8B14-5BA33CAF37D4}.Release|Any CPU.Build.0 = Release|Any CPU
		{AEB000FB-3991-48FE-912C-50AE0E268660}.Debug|Any CPU.ActiveCfg = Debug|Any CPU
		{AEB000FB-3991-48FE-912C-50AE0E268660}.Debug|Any CPU.Build.0 = Debug|Any CPU
		{AEB000FB-3991-48FE-912C-50AE0E268660}.Release|Any CPU.ActiveCfg = Release|Any CPU
		{AEB000FB-3991-48FE-912C-50AE0E268660}.Release|Any CPU.Build.0 = Release|Any CPU
		{22CD0576-2439-418B-89CF-B82D43390845}.Debug|Any CPU.ActiveCfg = Debug|Any CPU
		{22CD0576-2439-418B-89CF-B82D43390845}.Debug|Any CPU.Build.0 = Debug|Any CPU
		{22CD0576-2439-418B-89CF-B82D43390845}.Release|Any CPU.ActiveCfg = Release|Any CPU
		{22CD0576-2439-418B-89CF-B82D43390845}.Release|Any CPU.Build.0 = Release|Any CPU
		{87C1F54D-BFC8-4B0D-801F-0CAF196EC33B}.Debug|Any CPU.ActiveCfg = Debug|Any CPU
		{87C1F54D-BFC8-4B0D-801F-0CAF196EC33B}.Debug|Any CPU.Build.0 = Debug|Any CPU
		{87C1F54D-BFC8-4B0D-801F-0CAF196EC33B}.Release|Any CPU.ActiveCfg = Release|Any CPU
		{87C1F54D-BFC8-4B0D-801F-0CAF196EC33B}.Release|Any CPU.Build.0 = Release|Any CPU
		{2C465BA9-AF24-48D8-B8A1-9C5236BD5058}.Debug|Any CPU.ActiveCfg = Debug|Any CPU
		{2C465BA9-AF24-48D8-B8A1-9C5236BD5058}.Debug|Any CPU.Build.0 = Debug|Any CPU
		{2C465BA9-AF24-48D8-B8A1-9C5236BD5058}.Release|Any CPU.ActiveCfg = Release|Any CPU
		{2C465BA9-AF24-48D8-B8A1-9C5236BD5058}.Release|Any CPU.Build.0 = Release|Any CPU
		{134AFDB0-AD7C-48EF-ADC6-16269168BBCC}.Debug|Any CPU.ActiveCfg = Debug|Any CPU
		{134AFDB0-AD7C-48EF-ADC6-16269168BBCC}.Debug|Any CPU.Build.0 = Debug|Any CPU
		{134AFDB0-AD7C-48EF-ADC6-16269168BBCC}.Release|Any CPU.ActiveCfg = Release|Any CPU
		{134AFDB0-AD7C-48EF-ADC6-16269168BBCC}.Release|Any CPU.Build.0 = Release|Any CPU
		{F8C4D406-78C3-4DF9-928A-C77934A061DB}.Debug|Any CPU.ActiveCfg = Debug|Any CPU
		{F8C4D406-78C3-4DF9-928A-C77934A061DB}.Debug|Any CPU.Build.0 = Debug|Any CPU
		{F8C4D406-78C3-4DF9-928A-C77934A061DB}.Release|Any CPU.ActiveCfg = Release|Any CPU
		{F8C4D406-78C3-4DF9-928A-C77934A061DB}.Release|Any CPU.Build.0 = Release|Any CPU
		{73F30E2A-8180-4208-B8EA-B932C9958E94}.Debug|Any CPU.ActiveCfg = Debug|Any CPU
		{73F30E2A-8180-4208-B8EA-B932C9958E94}.Debug|Any CPU.Build.0 = Debug|Any CPU
		{73F30E2A-8180-4208-B8EA-B932C9958E94}.Release|Any CPU.ActiveCfg = Release|Any CPU
		{73F30E2A-8180-4208-B8EA-B932C9958E94}.Release|Any CPU.Build.0 = Release|Any CPU
		{C3FF9C7B-DC19-52B5-B861-716F1AFD9714}.Debug|Any CPU.ActiveCfg = Debug|Any CPU
		{C3FF9C7B-DC19-52B5-B861-716F1AFD9714}.Debug|Any CPU.Build.0 = Debug|Any CPU
		{C3FF9C7B-DC19-52B5-B861-716F1AFD9714}.Release|Any CPU.ActiveCfg = Release|Any CPU
		{C3FF9C7B-DC19-52B5-B861-716F1AFD9714}.Release|Any CPU.Build.0 = Release|Any CPU
	EndGlobalSection
	GlobalSection(SolutionProperties) = preSolution
		HideSolutionNode = FALSE
	EndGlobalSection
	GlobalSection(NestedProjects) = preSolution
		{D7B540F0-C2C6-434F-8B14-5BA33CAF37D4} = {2431AEAF-1D12-4AC9-A5F5-D2DB2CB37A86}
		{6965C164-1515-4C9F-8E6A-677A98A35F2E} = {02EA681E-C7D8-13C7-8484-4AC65E1B71E8}
		{AEB000FB-3991-48FE-912C-50AE0E268660} = {6965C164-1515-4C9F-8E6A-677A98A35F2E}
		{9DECFD47-8BF9-4181-95C4-CC900CB1EB8D} = {02EA681E-C7D8-13C7-8484-4AC65E1B71E8}
		{22CD0576-2439-418B-89CF-B82D43390845} = {9DECFD47-8BF9-4181-95C4-CC900CB1EB8D}
		{2431AEAF-1D12-4AC9-A5F5-D2DB2CB37A86} = {02EA681E-C7D8-13C7-8484-4AC65E1B71E8}
		{A11D2747-D80F-4FA5-9A7D-B74F2242391A} = {02EA681E-C7D8-13C7-8484-4AC65E1B71E8}
		{87C1F54D-BFC8-4B0D-801F-0CAF196EC33B} = {A11D2747-D80F-4FA5-9A7D-B74F2242391A}
		{2C465BA9-AF24-48D8-B8A1-9C5236BD5058} = {CEE23155-5DD6-4463-962F-25FB35BF165E}
		{6E402EB0-9799-45EA-92CC-66118836462F} = {02EA681E-C7D8-13C7-8484-4AC65E1B71E8}
		{134AFDB0-AD7C-48EF-ADC6-16269168BBCC} = {6E402EB0-9799-45EA-92CC-66118836462F}
		{25E54CFE-C7A7-4842-BB07-7F8067A69D0D} = {02EA681E-C7D8-13C7-8484-4AC65E1B71E8}
		{F8C4D406-78C3-4DF9-928A-C77934A061DB} = {25E54CFE-C7A7-4842-BB07-7F8067A69D0D}
		{73F30E2A-8180-4208-B8EA-B932C9958E94} = {CEE23155-5DD6-4463-962F-25FB35BF165E}
	EndGlobalSection
	GlobalSection(ExtensibilityGlobals) = postSolution
		SolutionGuid = {FC12C008-B6DC-485E-A2CA-169A8CB4DA49}
	EndGlobalSection
EndGlobal
